<?xml version="1.0" encoding="utf-8"?>
<Project ToolsVersion="4.0" xmlns="http://schemas.microsoft.com/developer/msbuild/2003">
  <ItemGroup>
    <Filter Include="win32">
      <UniqueIdentifier>{84a8ebd7-7cf0-47f6-b75e-d441df67da40}</UniqueIdentifier>
    </Filter>
    <Filter Include="resource">
      <UniqueIdentifier>{715254bc-d70b-4ec5-bf29-467dd3ace079}</UniqueIdentifier>
    </Filter>
    <Filter Include="src">
      <UniqueIdentifier>{bb6c862e-70e9-49d9-81b7-3829a6f50471}</UniqueIdentifier>
    </Filter>
    <Filter Include="src\Engine">
      <UniqueIdentifier>{890e56b2-77fe-4dd8-b3dd-531da9e5c3cc}</UniqueIdentifier>
    </Filter>
    <Filter Include="src\Utils">
      <UniqueIdentifier>{dd386204-5b05-4782-bf4b-f6951763d78e}</UniqueIdentifier>
    </Filter>
  </ItemGroup>
  <ItemGroup>
    <ClCompile Include="main.cpp">
      <Filter>win32</Filter>
    </ClCompile>
    <ClCompile Include="..\Classes\AppDelegate.cpp">
      <Filter>src</Filter>
    </ClCompile>
    <ClCompile Include="..\Classes\HelloWorldScene.cpp">
      <Filter>src</Filter>
    </ClCompile>
    <ClCompile Include="..\Classes\GameScene.cpp">
      <Filter>src</Filter>
    </ClCompile>
    <ClCompile Include="..\Classes\Engine\Dalek.cpp">
      <Filter>src\Engine</Filter>
    </ClCompile>
    <ClCompile Include="..\Classes\Engine\Game.cpp">
      <Filter>src\Engine</Filter>
    </ClCompile>
    <ClCompile Include="..\Classes\Engine\Heap.cpp">
      <Filter>src\Engine</Filter>
    </ClCompile>
    <ClCompile Include="..\Classes\Engine\Hero.cpp">
      <Filter>src\Engine</Filter>
    </ClCompile>
    <ClCompile Include="..\Classes\Engine\MovingObject.cpp">
      <Filter>src\Engine</Filter>
    </ClCompile>
    <ClCompile Include="..\Classes\Utils\TileMapParser.cpp">
      <Filter>src\Utils</Filter>
    </ClCompile>
    <ClCompile Include="..\Classes\Engine\Cell.cpp">
      <Filter>src\Engine</Filter>
    </ClCompile>
  </ItemGroup>
  <ItemGroup>
    <ClInclude Include="main.h">
      <Filter>win32</Filter>
    </ClInclude>
    <ClInclude Include="..\Classes\AppDelegate.h">
      <Filter>src</Filter>
    </ClInclude>
    <ClInclude Include="..\Classes\HelloWorldScene.h">
      <Filter>src</Filter>
    </ClInclude>
    <ClInclude Include="..\Classes\GameScene.h">
      <Filter>src</Filter>
    </ClInclude>
    <ClInclude Include="..\Classes\Engine\Dalek.h">
      <Filter>src\Engine</Filter>
    </ClInclude>
    <ClInclude Include="..\Classes\Engine\Game.h">
      <Filter>src\Engine</Filter>
    </ClInclude>
    <ClInclude Include="..\Classes\Engine\Heap.h">
      <Filter>src\Engine</Filter>
    </ClInclude>
    <ClInclude Include="..\Classes\Engine\Hero.h">
      <Filter>src\Engine</Filter>
    </ClInclude>
    <ClInclude Include="..\Classes\Engine\MovingObject.h">
      <Filter>src\Engine</Filter>
    </ClInclude>
    <ClInclude Include="..\Classes\Utils\TileMapParser.h">
      <Filter>src\Utils</Filter>
    </ClInclude>
    <ClInclude Include="..\Classes\Engine\Cell.h">
      <Filter>src\Engine</Filter>
    </ClInclude>
  </ItemGroup>
  <ItemGroup>
    <ResourceCompile Include="game.rc">
      <Filter>resource</Filter>
    </ResourceCompile>
  </ItemGroup>
</Project>